
Microsoft Visual Studio Solution File, Format Version 12.00
# Visual Studio 15
VisualStudioVersion = 15.0.28010.2050
MinimumVisualStudioVersion = 10.0.40219.1
Project("{FAE04EC0-301F-11D3-BF4B-00C04F79EFBC}") = "Epione.Data", "Epione.Data\Epione.Data.csproj", "{1608DF3F-DF55-4D39-83F9-34662C5F2D71}"
EndProject
Project("{FAE04EC0-301F-11D3-BF4B-00C04F79EFBC}") = "Epione.Service", "Epione.Service\Epione.Service.csproj", "{7059B75A-0895-4798-A8FC-E83FD0A2C6AE}"
EndProject
Project("{FAE04EC0-301F-11D3-BF4B-00C04F79EFBC}") = "Epione.Domain", "Epione.Domain\Epione.Domain.csproj", "{DE338493-8C78-4911-8D6E-D023C0667853}"
EndProject
Project("{FAE04EC0-301F-11D3-BF4B-00C04F79EFBC}") = "ServicePattern", "ServicePattern\ServicePattern.csproj", "{7148B8B6-C991-4B17-B2B4-41A9AE3BAEF8}"
EndProject
Project("{FAE04EC0-301F-11D3-BF4B-00C04F79EFBC}") = "Epione.Web", "Epione.Web\Epione.Web.csproj", "{B22DFCD3-0E55-4DA7-BC93-0C8BE82780E7}"
EndProject
Global
	GlobalSection(SolutionConfigurationPlatforms) = preSolution
		Debug|Any CPU = Debug|Any CPU
		Release|Any CPU = Release|Any CPU
	EndGlobalSection
	GlobalSection(ProjectConfigurationPlatforms) = postSolution
		{1608DF3F-DF55-4D39-83F9-34662C5F2D71}.Debug|Any CPU.ActiveCfg = Debug|Any CPU
		{1608DF3F-DF55-4D39-83F9-34662C5F2D71}.Debug|Any CPU.Build.0 = Debug|Any CPU
		{1608DF3F-DF55-4D39-83F9-34662C5F2D71}.Release|Any CPU.ActiveCfg = Release|Any CPU
		{1608DF3F-DF55-4D39-83F9-34662C5F2D71}.Release|Any CPU.Build.0 = Release|Any CPU
		{7059B75A-0895-4798-A8FC-E83FD0A2C6AE}.Debug|Any CPU.ActiveCfg = Debug|Any CPU
		{7059B75A-0895-4798-A8FC-E83FD0A2C6AE}.Debug|Any CPU.Build.0 = Debug|Any CPU
		{7059B75A-0895-4798-A8FC-E83FD0A2C6AE}.Release|Any CPU.ActiveCfg = Release|Any CPU
		{7059B75A-0895-4798-A8FC-E83FD0A2C6AE}.Release|Any CPU.Build.0 = Release|Any CPU
		{DE338493-8C78-4911-8D6E-D023C0667853}.Debug|Any CPU.ActiveCfg = Debug|Any CPU
		{DE338493-8C78-4911-8D6E-D023C0667853}.Debug|Any CPU.Build.0 = Debug|Any CPU
		{DE338493-8C78-4911-8D6E-D023C0667853}.Release|Any CPU.ActiveCfg = Release|Any CPU
		{DE338493-8C78-4911-8D6E-D023C0667853}.Release|Any CPU.Build.0 = Release|Any CPU
		{7148B8B6-C991-4B17-B2B4-41A9AE3BAEF8}.Debug|Any CPU.ActiveCfg = Debug|Any CPU
		{7148B8B6-C991-4B17-B2B4-41A9AE3BAEF8}.Debug|Any CPU.Build.0 = Debug|Any CPU
		{7148B8B6-C991-4B17-B2B4-41A9AE3BAEF8}.Release|Any CPU.ActiveCfg = Release|Any CPU
		{7148B8B6-C991-4B17-B2B4-41A9AE3BAEF8}.Release|Any CPU.Build.0 = Release|Any CPU
		{B22DFCD3-0E55-4DA7-BC93-0C8BE82780E7}.Debug|Any CPU.ActiveCfg = Debug|Any CPU
		{B22DFCD3-0E55-4DA7-BC93-0C8BE82780E7}.Debug|Any CPU.Build.0 = Debug|Any CPU
		{B22DFCD3-0E55-4DA7-BC93-0C8BE82780E7}.Release|Any CPU.ActiveCfg = Release|Any CPU
		{B22DFCD3-0E55-4DA7-BC93-0C8BE82780E7}.Release|Any CPU.Build.0 = Release|Any CPU
	EndGlobalSection
	GlobalSection(SolutionProperties) = preSolution
		HideSolutionNode = FALSE
	EndGlobalSection
	GlobalSection(ExtensibilityGlobals) = postSolution
		SolutionGuid = {22822468-A3C4-45F9-BD84-A488AA8B41A9}
	EndGlobalSection
EndGlobal
